// !$*UTF8*$!
{
	archiveVersion = 1;
	classes = {
	};
	objectVersion = 46;
	objects = {

/* Begin PBXBuildFile section */
		420ED2771969828100FD65A7 /* Cocoa.framework in Frameworks */ = {isa = PBXBuildFile; fileRef = 420ED2761969828100FD65A7 /* Cocoa.framework */; };
		420ED2811969828100FD65A7 /* InfoPlist.strings in Resources */ = {isa = PBXBuildFile; fileRef = 420ED27F1969828100FD65A7 /* InfoPlist.strings */; };
		420ED2831969828100FD65A7 /* main.m in Sources */ = {isa = PBXBuildFile; fileRef = 420ED2821969828100FD65A7 /* main.m */; };
		420ED2871969828100FD65A7 /* Credits.rtf in Resources */ = {isa = PBXBuildFile; fileRef = 420ED2851969828100FD65A7 /* Credits.rtf */; };
		420ED28A1969828100FD65A7 /* AppDelegate.m in Sources */ = {isa = PBXBuildFile; fileRef = 420ED2891969828100FD65A7 /* AppDelegate.m */; };
		420ED28D1969828100FD65A7 /* MainMenu.xib in Resources */ = {isa = PBXBuildFile; fileRef = 420ED28B1969828100FD65A7 /* MainMenu.xib */; };
		420ED28F1969828100FD65A7 /* Images.xcassets in Resources */ = {isa = PBXBuildFile; fileRef = 420ED28E1969828100FD65A7 /* Images.xcassets */; };
		420ED2961969828200FD65A7 /* XCTest.framework in Frameworks */ = {isa = PBXBuildFile; fileRef = 420ED2951969828200FD65A7 /* XCTest.framework */; };
		420ED2971969828200FD65A7 /* Cocoa.framework in Frameworks */ = {isa = PBXBuildFile; fileRef = 420ED2761969828100FD65A7 /* Cocoa.framework */; };
		420ED29F1969828200FD65A7 /* InfoPlist.strings in Resources */ = {isa = PBXBuildFile; fileRef = 420ED29D1969828200FD65A7 /* InfoPlist.strings */; };
		420ED2A11969828200FD65A7 /* OTWebImageDemoTests.m in Sources */ = {isa = PBXBuildFile; fileRef = 420ED2A01969828200FD65A7 /* OTWebImageDemoTests.m */; };
		420ED2B5196982D600FD65A7 /* NSImageView+WebCache.m in Sources */ = {isa = PBXBuildFile; fileRef = 420ED2AC196982D600FD65A7 /* NSImageView+WebCache.m */; };
		420ED2B6196982D600FD65A7 /* OTFileCacheManager.m in Sources */ = {isa = PBXBuildFile; fileRef = 420ED2AF196982D600FD65A7 /* OTFileCacheManager.m */; };
		420ED2B7196982D600FD65A7 /* OTHTTPRequest.m in Sources */ = {isa = PBXBuildFile; fileRef = 420ED2B2196982D600FD65A7 /* OTHTTPRequest.m */; };
		420ED2B8196982D600FD65A7 /* OTWebImageDownloadRequest.m in Sources */ = {isa = PBXBuildFile; fileRef = 420ED2B4196982D600FD65A7 /* OTWebImageDownloadRequest.m */; };
/* End PBXBuildFile section */

/* Begin PBXContainerItemProxy section */
		420ED2981969828200FD65A7 /* PBXContainerItemProxy */ = {
			isa = PBXContainerItemProxy;
			containerPortal = 420ED26B1969828100FD65A7 /* Project object */;
			proxyType = 1;
			remoteGlobalIDString = 420ED2721969828100FD65A7;
			remoteInfo = OTWebImageDemo;
		};
/* End PBXContainerItemProxy section */

/* Begin PBXFileReference section */
		420ED2731969828100FD65A7 /* OTWebImageDemo.app */ = {isa = PBXFileReference; explicitFileType = wrapper.application; includeInIndex = 0; path = OTWebImageDemo.app; sourceTree = BUILT_PRODUCTS_DIR; };
		420ED2761969828100FD65A7 /* Cocoa.framework */ = {isa = PBXFileReference; lastKnownFileType = wrapper.framework; name = Cocoa.framework; path = System/Library/Frameworks/Cocoa.framework; sourceTree = SDKROOT; };
		420ED2791969828100FD65A7 /* AppKit.framework */ = {isa = PBXFileReference; lastKnownFileType = wrapper.framework; name = AppKit.framework; path = System/Library/Frameworks/AppKit.framework; sourceTree = SDKROOT; };
		420ED27A1969828100FD65A7 /* CoreData.framework */ = {isa = PBXFileReference; lastKnownFileType = wrapper.framework; name = CoreData.framework; path = System/Library/Frameworks/CoreData.framework; sourceTree = SDKROOT; };
		420ED27B1969828100FD65A7 /* Foundation.framework */ = {isa = PBXFileReference; lastKnownFileType = wrapper.framework; name = Foundation.framework; path = System/Library/Frameworks/Foundation.framework; sourceTree = SDKROOT; };
		420ED27E1969828100FD65A7 /* OTWebImageDemo-Info.plist */ = {isa = PBXFileReference; lastKnownFileType = text.plist.xml; path = "OTWebImageDemo-Info.plist"; sourceTree = "<group>"; };
		420ED2801969828100FD65A7 /* en */ = {isa = PBXFileReference; lastKnownFileType = text.plist.strings; name = en; path = en.lproj/InfoPlist.strings; sourceTree = "<group>"; };
		420ED2821969828100FD65A7 /* main.m */ = {isa = PBXFileReference; lastKnownFileType = sourcecode.c.objc; path = main.m; sourceTree = "<group>"; };
		420ED2841969828100FD65A7 /* OTWebImageDemo-Prefix.pch */ = {isa = PBXFileReference; lastKnownFileType = sourcecode.c.h; path = "OTWebImageDemo-Prefix.pch"; sourceTree = "<group>"; };
		420ED2861969828100FD65A7 /* en */ = {isa = PBXFileReference; lastKnownFileType = text.rtf; name = en; path = en.lproj/Credits.rtf; sourceTree = "<group>"; };
		420ED2881969828100FD65A7 /* AppDelegate.h */ = {isa = PBXFileReference; lastKnownFileType = sourcecode.c.h; path = AppDelegate.h; sourceTree = "<group>"; };
		420ED2891969828100FD65A7 /* AppDelegate.m */ = {isa = PBXFileReference; lastKnownFileType = sourcecode.c.objc; path = AppDelegate.m; sourceTree = "<group>"; };
		420ED28C1969828100FD65A7 /* Base */ = {isa = PBXFileReference; lastKnownFileType = file.xib; name = Base; path = Base.lproj/MainMenu.xib; sourceTree = "<group>"; };
		420ED28E1969828100FD65A7 /* Images.xcassets */ = {isa = PBXFileReference; lastKnownFileType = folder.assetcatalog; path = Images.xcassets; sourceTree = "<group>"; };
		420ED2941969828200FD65A7 /* OTWebImageDemoTests.xctest */ = {isa = PBXFileReference; explicitFileType = wrapper.cfbundle; includeInIndex = 0; path = OTWebImageDemoTests.xctest; sourceTree = BUILT_PRODUCTS_DIR; };
		420ED2951969828200FD65A7 /* XCTest.framework */ = {isa = PBXFileReference; lastKnownFileType = wrapper.framework; name = XCTest.framework; path = Library/Frameworks/XCTest.framework; sourceTree = DEVELOPER_DIR; };
		420ED29C1969828200FD65A7 /* OTWebImageDemoTests-Info.plist */ = {isa = PBXFileReference; lastKnownFileType = text.plist.xml; path = "OTWebImageDemoTests-Info.plist"; sourceTree = "<group>"; };
		420ED29E1969828200FD65A7 /* en */ = {isa = PBXFileReference; lastKnownFileType = text.plist.strings; name = en; path = en.lproj/InfoPlist.strings; sourceTree = "<group>"; };
		420ED2A01969828200FD65A7 /* OTWebImageDemoTests.m */ = {isa = PBXFileReference; lastKnownFileType = sourcecode.c.objc; path = OTWebImageDemoTests.m; sourceTree = "<group>"; };
		420ED2AB196982D600FD65A7 /* NSImageView+WebCache.h */ = {isa = PBXFileReference; fileEncoding = 4; lastKnownFileType = sourcecode.c.h; path = "NSImageView+WebCache.h"; sourceTree = "<group>"; };
		420ED2AC196982D600FD65A7 /* NSImageView+WebCache.m */ = {isa = PBXFileReference; fileEncoding = 4; lastKnownFileType = sourcecode.c.objc; path = "NSImageView+WebCache.m"; sourceTree = "<group>"; };
		420ED2AE196982D600FD65A7 /* OTFileCacheManager.h */ = {isa = PBXFileReference; fileEncoding = 4; lastKnownFileType = sourcecode.c.h; path = OTFileCacheManager.h; sourceTree = "<group>"; };
		420ED2AF196982D600FD65A7 /* OTFileCacheManager.m */ = {isa = PBXFileReference; fileEncoding = 4; lastKnownFileType = sourcecode.c.objc; path = OTFileCacheManager.m; sourceTree = "<group>"; };
		420ED2B1196982D600FD65A7 /* OTHTTPRequest.h */ = {isa = PBXFileReference; fileEncoding = 4; lastKnownFileType = sourcecode.c.h; path = OTHTTPRequest.h; sourceTree = "<group>"; };
		420ED2B2196982D600FD65A7 /* OTHTTPRequest.m */ = {isa = PBXFileReference; fileEncoding = 4; lastKnownFileType = sourcecode.c.objc; path = OTHTTPRequest.m; sourceTree = "<group>"; };
		420ED2B3196982D600FD65A7 /* OTWebImageDownloadRequest.h */ = {isa = PBXFileReference; fileEncoding = 4; lastKnownFileType = sourcecode.c.h; path = OTWebImageDownloadRequest.h; sourceTree = "<group>"; };
		420ED2B4196982D600FD65A7 /* OTWebImageDownloadRequest.m */ = {isa = PBXFileReference; fileEncoding = 4; lastKnownFileType = sourcecode.c.objc; path = OTWebImageDownloadRequest.m; sourceTree = "<group>"; };
/* End PBXFileReference section */

/* Begin PBXFrameworksBuildPhase section */
		420ED2701969828100FD65A7 /* Frameworks */ = {
			isa = PBXFrameworksBuildPhase;
			buildActionMask = 2147483647;
			files = (
				420ED2771969828100FD65A7 /* Cocoa.framework in Frameworks */,
			);
			runOnlyForDeploymentPostprocessing = 0;
		};
		420ED2911969828200FD65A7 /* Frameworks */ = {
			isa = PBXFrameworksBuildPhase;
			buildActionMask = 2147483647;
			files = (
				420ED2971969828200FD65A7 /* Cocoa.framework in Frameworks */,
				420ED2961969828200FD65A7 /* XCTest.framework in Frameworks */,
			);
			runOnlyForDeploymentPostprocessing = 0;
		};
/* End PBXFrameworksBuildPhase section */

/* Begin PBXGroup section */
		420ED26A1969828100FD65A7 = {
			isa = PBXGroup;
			children = (
				420ED2AA196982D600FD65A7 /* OTWebImage */,
				420ED27C1969828100FD65A7 /* OTWebImageDemo */,
				420ED29A1969828200FD65A7 /* OTWebImageDemoTests */,
				420ED2751969828100FD65A7 /* Frameworks */,
				420ED2741969828100FD65A7 /* Products */,
			);
			sourceTree = "<group>";
		};
		420ED2741969828100FD65A7 /* Products */ = {
			isa = PBXGroup;
			children = (
				420ED2731969828100FD65A7 /* OTWebImageDemo.app */,
				420ED2941969828200FD65A7 /* OTWebImageDemoTests.xctest */,
			);
			name = Products;
			sourceTree = "<group>";
		};
		420ED2751969828100FD65A7 /* Frameworks */ = {
			isa = PBXGroup;
			children = (
				420ED2761969828100FD65A7 /* Cocoa.framework */,
				420ED2951969828200FD65A7 /* XCTest.framework */,
				420ED2781969828100FD65A7 /* Other Frameworks */,
			);
			name = Frameworks;
			sourceTree = "<group>";
		};
		420ED2781969828100FD65A7 /* Other Frameworks */ = {
			isa = PBXGroup;
			children = (
				420ED2791969828100FD65A7 /* AppKit.framework */,
				420ED27A1969828100FD65A7 /* CoreData.framework */,
				420ED27B1969828100FD65A7 /* Foundation.framework */,
			);
			name = "Other Frameworks";
			sourceTree = "<group>";
		};
		420ED27C1969828100FD65A7 /* OTWebImageDemo */ = {
			isa = PBXGroup;
			children = (
				420ED2881969828100FD65A7 /* AppDelegate.h */,
				420ED2891969828100FD65A7 /* AppDelegate.m */,
				420ED28B1969828100FD65A7 /* MainMenu.xib */,
				420ED28E1969828100FD65A7 /* Images.xcassets */,
				420ED27D1969828100FD65A7 /* Supporting Files */,
			);
			path = OTWebImageDemo;
			sourceTree = "<group>";
		};
		420ED27D1969828100FD65A7 /* Supporting Files */ = {
			isa = PBXGroup;
			children = (
				420ED27E1969828100FD65A7 /* OTWebImageDemo-Info.plist */,
				420ED27F1969828100FD65A7 /* InfoPlist.strings */,
				420ED2821969828100FD65A7 /* main.m */,
				420ED2841969828100FD65A7 /* OTWebImageDemo-Prefix.pch */,
				420ED2851969828100FD65A7 /* Credits.rtf */,
			);
			name = "Supporting Files";
			sourceTree = "<group>";
		};
		420ED29A1969828200FD65A7 /* OTWebImageDemoTests */ = {
			isa = PBXGroup;
			children = (
				420ED2A01969828200FD65A7 /* OTWebImageDemoTests.m */,
				420ED29B1969828200FD65A7 /* Supporting Files */,
			);
			path = OTWebImageDemoTests;
			sourceTree = "<group>";
		};
		420ED29B1969828200FD65A7 /* Supporting Files */ = {
			isa = PBXGroup;
			children = (
				420ED29C1969828200FD65A7 /* OTWebImageDemoTests-Info.plist */,
				420ED29D1969828200FD65A7 /* InfoPlist.strings */,
			);
			name = "Supporting Files";
			sourceTree = "<group>";
		};
		420ED2AA196982D600FD65A7 /* OTWebImage */ = {
			isa = PBXGroup;
			children = (
				420ED2AB196982D600FD65A7 /* NSImageView+WebCache.h */,
				420ED2AC196982D600FD65A7 /* NSImageView+WebCache.m */,
				420ED2B3196982D600FD65A7 /* OTWebImageDownloadRequest.h */,
				420ED2B4196982D600FD65A7 /* OTWebImageDownloadRequest.m */,
				420ED2AD196982D600FD65A7 /* OTFileCacheManager */,
				420ED2B0196982D600FD65A7 /* OTHTTPRequest */,
			);
			path = OTWebImage;
			sourceTree = "<group>";
		};
		420ED2AD196982D600FD65A7 /* OTFileCacheManager */ = {
			isa = PBXGroup;
			children = (
				420ED2AE196982D600FD65A7 /* OTFileCacheManager.h */,
				420ED2AF196982D600FD65A7 /* OTFileCacheManager.m */,
			);
			path = OTFileCacheManager;
			sourceTree = "<group>";
		};
		420ED2B0196982D600FD65A7 /* OTHTTPRequest */ = {
			isa = PBXGroup;
			children = (
				420ED2B1196982D600FD65A7 /* OTHTTPRequest.h */,
				420ED2B2196982D600FD65A7 /* OTHTTPRequest.m */,
			);
			path = OTHTTPRequest;
			sourceTree = "<group>";
		};
/* End PBXGroup section */

/* Begin PBXNativeTarget section */
		420ED2721969828100FD65A7 /* OTWebImageDemo */ = {
			isa = PBXNativeTarget;
			buildConfigurationList = 420ED2A41969828200FD65A7 /* Build configuration list for PBXNativeTarget "OTWebImageDemo" */;
			buildPhases = (
				420ED26F1969828100FD65A7 /* Sources */,
				420ED2701969828100FD65A7 /* Frameworks */,
				420ED2711969828100FD65A7 /* Resources */,
			);
			buildRules = (
			);
			dependencies = (
			);
			name = OTWebImageDemo;
			productName = OTWebImageDemo;
			productReference = 420ED2731969828100FD65A7 /* OTWebImageDemo.app */;
			productType = "com.apple.product-type.application";
		};
		420ED2931969828200FD65A7 /* OTWebImageDemoTests */ = {
			isa = PBXNativeTarget;
			buildConfigurationList = 420ED2A71969828200FD65A7 /* Build configuration list for PBXNativeTarget "OTWebImageDemoTests" */;
			buildPhases = (
				420ED2901969828200FD65A7 /* Sources */,
				420ED2911969828200FD65A7 /* Frameworks */,
				420ED2921969828200FD65A7 /* Resources */,
			);
			buildRules = (
			);
			dependencies = (
				420ED2991969828200FD65A7 /* PBXTargetDependency */,
			);
			name = OTWebImageDemoTests;
			productName = OTWebImageDemoTests;
			productReference = 420ED2941969828200FD65A7 /* OTWebImageDemoTests.xctest */;
			productType = "com.apple.product-type.bundle.unit-test";
		};
/* End PBXNativeTarget section */

/* Begin PBXProject section */
		420ED26B1969828100FD65A7 /* Project object */ = {
			isa = PBXProject;
			attributes = {
				LastUpgradeCheck = 0510;
				ORGANIZATIONNAME = openfibers;
				TargetAttributes = {
					420ED2931969828200FD65A7 = {
						TestTargetID = 420ED2721969828100FD65A7;
					};
				};
			};
			buildConfigurationList = 420ED26E1969828100FD65A7 /* Build configuration list for PBXProject "OTWebImageDemo" */;
			compatibilityVersion = "Xcode 3.2";
			developmentRegion = English;
			hasScannedForEncodings = 0;
			knownRegions = (
				en,
				Base,
			);
			mainGroup = 420ED26A1969828100FD65A7;
			productRefGroup = 420ED2741969828100FD65A7 /* Products */;
			projectDirPath = "";
			projectRoot = "";
			targets = (
				420ED2721969828100FD65A7 /* OTWebImageDemo */,
				420ED2931969828200FD65A7 /* OTWebImageDemoTests */,
			);
		};
/* End PBXProject section */

/* Begin PBXResourcesBuildPhase section */
		420ED2711969828100FD65A7 /* Resources */ = {
			isa = PBXResourcesBuildPhase;
			buildActionMask = 2147483647;
			files = (
				420ED2811969828100FD65A7 /* InfoPlist.strings in Resources */,
				420ED28F1969828100FD65A7 /* Images.xcassets in Resources */,
				420ED2871969828100FD65A7 /* Credits.rtf in Resources */,
				420ED28D1969828100FD65A7 /* MainMenu.xib in Resources */,
			);
			runOnlyForDeploymentPostprocessing = 0;
		};
		420ED2921969828200FD65A7 /* Resources */ = {
			isa = PBXResourcesBuildPhase;
			buildActionMask = 2147483647;
			files = (
				420ED29F1969828200FD65A7 /* InfoPlist.strings in Resources */,
			);
			runOnlyForDeploymentPostprocessing = 0;
		};
/* End PBXResourcesBuildPhase section */

/* Begin PBXSourcesBuildPhase section */
		420ED26F1969828100FD65A7 /* Sources */ = {
			isa = PBXSourcesBuildPhase;
			buildActionMask = 2147483647;
			files = (
				420ED28A1969828100FD65A7 /* AppDelegate.m in Sources */,
				420ED2B6196982D600FD65A7 /* OTFileCacheManager.m in Sources */,
				420ED2831969828100FD65A7 /* main.m in Sources */,
				420ED2B7196982D600FD65A7 /* OTHTTPRequest.m in Sources */,
				420ED2B5196982D600FD65A7 /* NSImageView+WebCache.m in Sources */,
				420ED2B8196982D600FD65A7 /* OTWebImageDownloadRequest.m in Sources */,
			);
			runOnlyForDeploymentPostprocessing = 0;
		};
		420ED2901969828200FD65A7 /* Sources */ = {
			isa = PBXSourcesBuildPhase;
			buildActionMask = 2147483647;
			files = (
				420ED2A11969828200FD65A7 /* OTWebImageDemoTests.m in Sources */,
			);
			runOnlyForDeploymentPostprocessing = 0;
		};
/* End PBXSourcesBuildPhase section */

/* Begin PBXTargetDependency section */
		420ED2991969828200FD65A7 /* PBXTargetDependency */ = {
			isa = PBXTargetDependency;
			target = 420ED2721969828100FD65A7 /* OTWebImageDemo */;
			targetProxy = 420ED2981969828200FD65A7 /* PBXContainerItemProxy */;
		};
/* End PBXTargetDependency section */

/* Begin PBXVariantGroup section */
		420ED27F1969828100FD65A7 /* InfoPlist.strings */ = {
			isa = PBXVariantGroup;
			children = (
				420ED2801969828100FD65A7 /* en */,
			);
			name = InfoPlist.strings;
			sourceTree = "<group>";
		};
		420ED2851969828100FD65A7 /* Credits.rtf */ = {
			isa = PBXVariantGroup;
			children = (
				420ED2861969828100FD65A7 /* en */,
			);
			name = Credits.rtf;
			sourceTree = "<group>";
		};
		420ED28B1969828100FD65A7 /* MainMenu.xib */ = {
			isa = PBXVariantGroup;
			children = (
				420ED28C1969828100FD65A7 /* Base */,
			);
			name = MainMenu.xib;
			sourceTree = "<group>";
		};
		420ED29D1969828200FD65A7 /* InfoPlist.strings */ = {
			isa = PBXVariantGroup;
			children = (
				420ED29E1969828200FD65A7 /* en */,
			);
			name = InfoPlist.strings;
			sourceTree = "<group>";
		};
/* End PBXVariantGroup section */

/* Begin XCBuildConfiguration section */
		420ED2A21969828200FD65A7 /* Debug */ = {
			isa = XCBuildConfiguration;
			buildSettings = {
				ALWAYS_SEARCH_USER_PATHS = NO;
				CLANG_CXX_LANGUAGE_STANDARD = "gnu++0x";
				CLANG_CXX_LIBRARY = "libc++";
				CLANG_ENABLE_MODULES = YES;
				CLANG_ENABLE_OBJC_ARC = YES;
				CLANG_WARN_BOOL_CONVERSION = YES;
				CLANG_WARN_CONSTANT_CONVERSION = YES;
				CLANG_WARN_DIRECT_OBJC_ISA_USAGE = YES_ERROR;
				CLANG_WARN_EMPTY_BODY = YES;
				CLANG_WARN_ENUM_CONVERSION = YES;
				CLANG_WARN_INT_CONVERSION = YES;
				CLANG_WARN_OBJC_ROOT_CLASS = YES_ERROR;
				CLANG_WARN__DUPLICATE_METHOD_MATCH = YES;
				COPY_PHASE_STRIP = NO;
				GCC_C_LANGUAGE_STANDARD = gnu99;
				GCC_DYNAMIC_NO_PIC = NO;
				GCC_ENABLE_OBJC_EXCEPTIONS = YES;
				GCC_OPTIMIZATION_LEVEL = 0;
				GCC_PREPROCESSOR_DEFINITIONS = (
					"DEBUG=1",
					"$(inherited)",
				);
				GCC_SYMBOLS_PRIVATE_EXTERN = NO;
				GCC_WARN_64_TO_32_BIT_CONVERSION = YES;
				GCC_WARN_ABOUT_RETURN_TYPE = YES_ERROR;
				GCC_WARN_UNDECLARED_SELECTOR = YES;
				GCC_WARN_UNINITIALIZED_AUTOS = YES_AGGRESSIVE;
				GCC_WARN_UNUSED_FUNCTION = YES;
				GCC_WARN_UNUSED_VARIABLE = YES;
				MACOSX_DEPLOYMENT_TARGET = 10.9;
				ONLY_ACTIVE_ARCH = YES;
				SDKROOT = macosx;
			};
			name = Debug;
		};
		420ED2A31969828200FD65A7 /* Release */ = {
			isa = XCBuildConfiguration;
			buildSettings = {
				ALWAYS_SEARCH_USER_PATHS = NO;
				CLANG_CXX_LANGUAGE_STANDARD = "gnu++0x";
				CLANG_CXX_LIBRARY = "libc++";
				CLANG_ENABLE_MODULES = YES;
				CLANG_ENABLE_OBJC_ARC = YES;
				CLANG_WARN_BOOL_CONVERSION = YES;
				CLANG_WARN_CONSTANT_CONVERSION = YES;
				CLANG_WARN_DIRECT_OBJC_ISA_USAGE = YES_ERROR;
				CLANG_WARN_EMPTY_BODY = YES;
				CLANG_WARN_ENUM_CONVERSION = YES;
				CLANG_WARN_INT_CONVERSION = YES;
				CLANG_WARN_OBJC_ROOT_CLASS = YES_ERROR;
				CLANG_WARN__DUPLICATE_METHOD_MATCH = YES;
				COPY_PHASE_STRIP = YES;
				DEBUG_INFORMATION_FORMAT = "dwarf-with-dsym";
				ENABLE_NS_ASSERTIONS = NO;
				GCC_C_LANGUAGE_STANDARD = gnu99;
				GCC_ENABLE_OBJC_EXCEPTIONS = YES;
				GCC_WARN_64_TO_32_BIT_CONVERSION = YES;
				GCC_WARN_ABOUT_RETURN_TYPE = YES_ERROR;
				GCC_WARN_UNDECLARED_SELECTOR = YES;
				GCC_WARN_UNINITIALIZED_AUTOS = YES_AGGRESSIVE;
				GCC_WARN_UNUSED_FUNCTION = YES;
				GCC_WARN_UNUSED_VARIABLE = YES;
				MACOSX_DEPLOYMENT_TARGET = 10.9;
				SDKROOT = macosx;
			};
			name = Release;
		};
		420ED2A51969828200FD65A7 /* Debug */ = {
			isa = XCBuildConfiguration;
			buildSettings = {
				ASSETCATALOG_COMPILER_APPICON_NAME = AppIcon;
				COMBINE_HIDPI_IMAGES = YES;
				GCC_PRECOMPILE_PREFIX_HEADER = YES;
				GCC_PREFIX_HEADER = "OTWebImageDemo/OTWebImageDemo-Prefix.pch";
				INFOPLIST_FILE = "OTWebImageDemo/OTWebImageDemo-Info.plist";
				PRODUCT_NAME = "$(TARGET_NAME)";
				WRAPPER_EXTENSION = app;
			};
			name = Debug;
		};
		420ED2A61969828200FD65A7 /* Release */ = {
			isa = XCBuildConfiguration;
			buildSettings = {
				ASSETCATALOG_COMPILER_APPICON_NAME = AppIcon;
				COMBINE_HIDPI_IMAGES = YES;
				GCC_PRECOMPILE_PREFIX_HEADER = YES;
				GCC_PREFIX_HEADER = "OTWebImageDemo/OTWebImageDemo-Prefix.pch";
				INFOPLIST_FILE = "OTWebImageDemo/OTWebImageDemo-Info.plist";
				PRODUCT_NAME = "$(TARGET_NAME)";
				WRAPPER_EXTENSION = app;
			};
			name = Release;
		};
		420ED2A81969828200FD65A7 /* Debug */ = {
			isa = XCBuildConfiguration;
			buildSettings = {
				BUNDLE_LOADER = "$(BUILT_PRODUCTS_DIR)/OTWebImageDemo.app/Contents/MacOS/OTWebImageDemo";
				COMBINE_HIDPI_IMAGES = YES;
				FRAMEWORK_SEARCH_PATHS = (
					"$(DEVELOPER_FRAMEWORKS_DIR)",
					"$(inherited)",
				);
				GCC_PRECOMPILE_PREFIX_HEADER = YES;
				GCC_PREFIX_HEADER = "OTWebImageDemo/OTWebImageDemo-Prefix.pch";
				GCC_PREPROCESSOR_DEFINITIONS = (
					"DEBUG=1",
					"$(inherited)",
				);
				INFOPLIST_FILE = "OTWebImageDemoTests/OTWebImageDemoTests-Info.plist";
				PRODUCT_NAME = "$(TARGET_NAME)";
				TEST_HOST = "$(BUNDLE_LOADER)";
				WRAPPER_EXTENSION = xctest;
			};
			name = Debug;
		};
		420ED2A91969828200FD65A7 /* Release */ = {
			isa = XCBuildConfiguration;
			buildSettings = {
				BUNDLE_LOADER = "$(BUILT_PRODUCTS_DIR)/OTWebImageDemo.app/Contents/MacOS/OTWebImageDemo";
				COMBINE_HIDPI_IMAGES = YES;
				FRAMEWORK_SEARCH_PATHS = (
					"$(DEVELOPER_FRAMEWORKS_DIR)",
					"$(inherited)",
				);
				GCC_PRECOMPILE_PREFIX_HEADER = YES;
				GCC_PREFIX_HEADER = "OTWebImageDemo/OTWebImageDemo-Prefix.pch";
				INFOPLIST_FILE = "OTWebImageDemoTests/OTWebImageDemoTests-Info.plist";
				PRODUCT_NAME = "$(TARGET_NAME)";
				TEST_HOST = "$(BUNDLE_LOADER)";
				WRAPPER_EXTENSION = xctest;
			};
			name = Release;
		};
/* End XCBuildConfiguration section */

/* Begin XCConfigurationList section */
		420ED26E1969828100FD65A7 /* Build configuration list for PBXProject "OTWebImageDemo" */ = {
			isa = XCConfigurationList;
			buildConfigurations = (
				420ED2A21969828200FD65A7 /* Debug */,
				420ED2A31969828200FD65A7 /* Release */,
			);
			defaultConfigurationIsVisible = 0;
			defaultConfigurationName = Release;
		};
		420ED2A41969828200FD65A7 /* Build configuration list for PBXNativeTarget "OTWebImageDemo" */ = {
			isa = XCConfigurationList;
			buildConfigurations = (
				420ED2A51969828200FD65A7 /* Debug */,
				420ED2A61969828200FD65A7 /* Release */,
			);
			defaultConfigurationIsVisible = 0;
		};
		420ED2A71969828200FD65A7 /* Build configuration list for PBXNativeTarget "OTWebImageDemoTests" */ = {
			isa = XCConfigurationList;
			buildConfigurations = (
				420ED2A81969828200FD65A7 /* Debug */,
				420ED2A91969828200FD65A7 /* Release */,
			);
			defaultConfigurationIsVisible = 0;
		};
/* End XCConfigurationList section */
	};
	rootObject = 420ED26B1969828100FD65A7 /* Project object */;
}
